
Microsoft Visual Studio Solution File, Format Version 12.00
# Visual Studio Version 17
VisualStudioVersion = 17.3.32804.467
MinimumVisualStudioVersion = 10.0.40219.1
Project("{FAE04EC0-301F-11D3-BF4B-00C04F79EFBC}") = "Notoria", "Notoria\Notoria.csproj", "{BF5FFF48-D41A-46C4-ADBA-52BA431D29B3}"
EndProject
Global
	GlobalSection(SolutionConfigurationPlatforms) = preSolution
		Debug|Any CPU = Debug|Any CPU
		Release|Any CPU = Release|Any CPU
	EndGlobalSection
	GlobalSection(ProjectConfigurationPlatforms) = postSolution
		{BF5FFF48-D41A-46C4-ADBA-52BA431D29B3}.Debug|Any CPU.ActiveCfg = Debug|Any CPU
		{BF5FFF48-D41A-46C4-ADBA-52BA431D29B3}.Debug|Any CPU.Build.0 = Debug|Any CPU
		{BF5FFF48-D41A-46C4-ADBA-52BA431D29B3}.Release|Any CPU.ActiveCfg = Release|Any CPU
		{BF5FFF48-D41A-46C4-ADBA-52BA431D29B3}.Release|Any CPU.Build.0 = Release|Any CPU
	EndGlobalSection
	GlobalSection(SolutionProperties) = preSolution
		HideSolutionNode = FALSE
	EndGlobalSection
	GlobalSection(ExtensibilityGlobals) = postSolution
		SolutionGuid = {1079B7E3-CA43-4E27-9299-0F40F25CE87B}
	EndGlobalSection
EndGlobal
